github.com/alecthomas/assert/v2 v2.11.0 h1:2Q9r3ki8+JYXvGsDyBXwH3LcJ+WK5D0gc5E8vS6K3D0=
github.com/alecthomas/assert/v2 v2.11.0/go.mod h1:Bze95FyfUr7x34QZrjL+XP+0qgp/zg8yS+TtBj1WA3k=
github.com/alecthomas/chroma/v2 v2.27.0 h1:FodwmyOBgJULFYmDqibcp9pvfDLWdtPRh9v/r5BXYZs=
github.com/alecthomas/chroma/v2 v2.27.0/go.mod h1:NjJ3ciIgrqBNeIkWZ4e46nseoLDslxU1LmfCoL+wcY8=
github.com/alecthomas/repr v0.5.2 h1:SU73FTI9D1P5UNtvseffFSGmdNci/O6RsqzeXJtP0Qs=
github.com/alecthomas/repr v0.5.2/go.mod h1:Fr0507jx4eOXV7AlPV6AVZLYrLIuIeSOWtW57eE/O/4=
github.com/dlclark/regexp2/v2 v2.8.3 h1:4iBHVtmyAsQOOthVo+0v0RxktjLPDOTKx9Nuhf+PpD0=
github.com/dlclark/regexp2/v2 v2.8.3/go.mod h1:avUrQvPaLz2DrFNHJF0taWAFFX2C1GMSSoeiqFjcBmU=
github.com/ebitengine/purego v0.11.1 h1:2zpWRSQNVKN4eKsKO9eM1ILDgWfYMY9GwqRmK6XeQ/0=
github.com/ebitengine/purego v0.11.1/go.mod h1:DCHPP08djqhNSoTfImcnHYQRZmd0qhakvrozqaEYhGQ=
github.com/egoist/mygo v0.2.12 h1:DUu4IsNkE0SEjOUc9tCCM2C8tk+aT1+/jtr/yWAwtyo=
github.com/egoist/mygo v0.2.12/go.mod h1:1sRzZ6jEhKE7iuEQXjyoXDgxyxQ1uTgMHDcDKZvoDIU=
github.com/go-text/typesetting v0.3.5 h1:XZPUooClHY0Vf/rFyUyuPRNEkawARaFzLMQcXLSEyPk=
github.com/go-text/typesetting v0.3.5/go.mod h1:XZO1hD+nQVyvVa5IicQk7FsCa4PFQaJ2soWAP1f//68=
github.com/go-text/typesetting-utils v0.0.0-20260419141703-4ffe8874dabc h1:8FGo2It5K75XkavhTiCKExUfVaVDS1feBnLCru5qeoY=
github.com/go-text/typesetting-utils v0.0.0-20260419141703-4ffe8874dabc/go.mod h1:3/62I4La/HBRX9TcTpBj4eipLiwzf+vhI+7whTc9V7o=
github.com/hexops/gotextdiff v1.0.3 h1:gitA9+qJrrTCsiCl7+kh75nPqQt1cx4ZkudSTLoUqJM=
github.com/hexops/gotextdiff v1.0.3/go.mod h1:pSWU5MAI3yDq+fZBTazCSJysOMbxWL1BSow5/V2vxeg=
golang.org/x/image v0.46.0 h1:b1+oYj0Jbp6K5MDT4i4/eZpYlk3V8SJhhDKh6LBHAyQ=
golang.org/x/image v0.46.0/go.mod h1:3B3W05VGVQyuXucLINLjXKrqISASfi4Xj+iCVkLMwew=
